
Microsoft Visual Studio Solution File, Format Version 12.00
# Visual Studio Version 17
VisualStudioVersion = 17.2.32616.157
MinimumVisualStudioVersion = 10.0.40219.1
Project("{FAE04EC0-301F-11D3-BF4B-00C04F79EFBC}") = "Intern2GrowTask2", "Intern2GrowTask2\Intern2GrowTask2.csproj", "{5172AD61-D7C3-43FC-8BC2-38A3A2FBAA11}"
EndProject
Global
	GlobalSection(SolutionConfigurationPlatforms) = preSolution
		Debug|Any CPU = Debug|Any CPU
		Release|Any CPU = Release|Any CPU
	EndGlobalSection
	GlobalSection(ProjectConfigurationPlatforms) = postSolution
		{5172AD61-D7C3-43FC-8BC2-38A3A2FBAA11}.Debug|Any CPU.ActiveCfg = Debug|Any CPU
		{5172AD61-D7C3-43FC-8BC2-38A3A2FBAA11}.Debug|Any CPU.Build.0 = Debug|Any CPU
		{5172AD61-D7C3-43FC-8BC2-38A3A2FBAA11}.Release|Any CPU.ActiveCfg = Release|Any CPU
		{5172AD61-D7C3-43FC-8BC2-38A3A2FBAA11}.Release|Any CPU.Build.0 = Release|Any CPU
	EndGlobalSection
	GlobalSection(SolutionProperties) = preSolution
		HideSolutionNode = FALSE
	EndGlobalSection
	GlobalSection(ExtensibilityGlobals) = postSolution
		SolutionGuid = {2814E2E6-C65F-4C61-85A2-5D70A089458E}
	EndGlobalSection
EndGlobal
